<?xml version="1.0" encoding="utf-8"?>
<Project ToolsVersion="4.0" xmlns="http://schemas.microsoft.com/developer/msbuild/2003">
  <ItemGroup>
    <Filter Include="include">
      <UniqueIdentifier>{1db044c7-914c-4e9a-91c6-bd9891e79e96}</UniqueIdentifier>
    </Filter>
    <Filter Include="src">
      <UniqueIdentifier>{2d2292f7-b8d6-4f87-afde-97407c05db67}</UniqueIdentifier>
    </Filter>
  </ItemGroup>
  <ItemGroup>
    <ClInclude Include="..\..\..\kernel\include\common.h">
      <Filter>include</Filter>
    </ClInclude>
    <ClInclude Include="..\..\..\kernel\include\render.h">
      <Filter>include</Filter>
    </ClInclude>
    <ClInclude Include="..\..\..\kernel\include\session.h">
      <Filter>include</Filter>
    </ClInclude>
    <ClInclude Include="..\..\..\kernel\include\terminal.h">
      <Filter>include</Filter>
    </ClInclude>
    <ClInclude Include="..\..\..\kernel\include\codec_manager.h">
      <Filter>include</Filter>
    </ClInclude>
    <ClInclude Include="..\..\..\kernel\include\codec_api.h">
      <Filter>include</Filter>
    </ClInclude>
    <ClInclude Include="..\..\..\kernel\include\codec_file_info.h">
      <Filter>include</Filter>
    </ClInclude>
    <ClInclude Include="..\..\..\kernel\include\kernel_api.h">
      <Filter>include</Filter>
    </ClInclude>
  </ItemGroup>
  <ItemGroup>
    <ClCompile Include="..\..\..\kernel\src\kernel.cpp">
      <Filter>src</Filter>
    </ClCompile>
    <ClCompile Include="..\..\..\kernel\src\terminal.cpp">
      <Filter>src</Filter>
    </ClCompile>
    <ClCompile Include="..\..\..\kernel\src\codec_manager.cpp">
      <Filter>src</Filter>
    </ClCompile>
    <ClCompile Include="..\..\..\kernel\src\codec_api.cpp">
      <Filter>src</Filter>
    </ClCompile>
    <ClCompile Include="..\..\..\kernel\src\session.cpp">
      <Filter>src</Filter>
    </ClCompile>
    <ClCompile Include="..\..\..\kernel\src\render.cpp">
      <Filter>src</Filter>
    </ClCompile>
    <ClCompile Include="..\..\..\kernel\src\codec_file_info.cpp">
      <Filter>src</Filter>
    </ClCompile>
    <ClCompile Include="..\..\..\kernel\src\kernel_api.cpp">
      <Filter>src</Filter>
    </ClCompile>
  </ItemGroup>
</Project>