<?xml version="1.0" encoding="utf-8"?>
<Project ToolsVersion="4.0" xmlns="http://schemas.microsoft.com/developer/msbuild/2003">
  <ItemGroup>
    <Filter Include="include">
      <UniqueIdentifier>{1db044c7-914c-4e9a-91c6-bd9891e79e96}</UniqueIdentifier>
    </Filter>
    <Filter Include="src">
      <UniqueIdentifier>{2d2292f7-b8d6-4f87-afde-97407c05db67}</UniqueIdentifier>
    </Filter>
    <Filter Include="api">
      <UniqueIdentifier>{4125bab3-aa16-4827-8e68-c76c1a686106}</UniqueIdentifier>
    </Filter>
    <Filter Include="api\include">
      <UniqueIdentifier>{45ba6b9e-2d19-47ea-b442-833e1c0266e6}</UniqueIdentifier>
    </Filter>
    <Filter Include="api\src">
      <UniqueIdentifier>{d2fede8f-a524-45c8-8bd4-69bc4769970d}</UniqueIdentifier>
    </Filter>
    <Filter Include="items">
      <UniqueIdentifier>{551c2a94-ba3b-40a4-be09-39c79fce750c}</UniqueIdentifier>
    </Filter>
    <Filter Include="items\src">
      <UniqueIdentifier>{a5333927-21a4-439c-973e-12d144a4b09d}</UniqueIdentifier>
    </Filter>
    <Filter Include="items\include">
      <UniqueIdentifier>{d4d3faf1-dd96-4609-be40-82eb586e7ec0}</UniqueIdentifier>
    </Filter>
  </ItemGroup>
  <ItemGroup>
    <ClInclude Include="..\..\..\kernel\include\common.h">
      <Filter>include</Filter>
    </ClInclude>
    <ClInclude Include="..\..\..\kernel\include\render.h">
      <Filter>include</Filter>
    </ClInclude>
    <ClInclude Include="..\..\..\kernel\include\codec_manager.h">
      <Filter>include</Filter>
    </ClInclude>
    <ClInclude Include="..\..\..\kernel\include\codec_api.h">
      <Filter>include</Filter>
    </ClInclude>
    <ClInclude Include="..\..\..\kernel\include\codec_file_info.h">
      <Filter>include</Filter>
    </ClInclude>
    <ClInclude Include="..\..\..\kernel\include\kernel.h">
      <Filter>include</Filter>
    </ClInclude>
    <ClInclude Include="..\..\..\kernel\api\include\api.h">
      <Filter>api\include</Filter>
    </ClInclude>
    <ClInclude Include="..\..\..\kernel\api\include\api_audio.h">
      <Filter>api\include</Filter>
    </ClInclude>
    <ClInclude Include="..\..\..\kernel\api\include\api_effect.h">
      <Filter>api\include</Filter>
    </ClInclude>
    <ClInclude Include="..\..\..\kernel\api\include\api_fragment.h">
      <Filter>api\include</Filter>
    </ClInclude>
    <ClInclude Include="..\..\..\kernel\api\include\api_playback.h">
      <Filter>api\include</Filter>
    </ClInclude>
    <ClInclude Include="..\..\..\kernel\api\include\api_session.h">
      <Filter>api\include</Filter>
    </ClInclude>
    <ClInclude Include="..\..\..\kernel\api\include\api_track.h">
      <Filter>api\include</Filter>
    </ClInclude>
    <ClInclude Include="..\..\..\kernel\api\include\api_render.h">
      <Filter>api\include</Filter>
    </ClInclude>
    <ClInclude Include="..\..\..\kernel\include\items_manager.h">
      <Filter>include</Filter>
    </ClInclude>
    <ClInclude Include="..\..\..\kernel\api\include\api_codec.h">
      <Filter>api\include</Filter>
    </ClInclude>
    <ClInclude Include="..\..\..\kernel\items\include\audio.h">
      <Filter>items\include</Filter>
    </ClInclude>
    <ClInclude Include="..\..\..\kernel\items\include\fragment.h">
      <Filter>items\include</Filter>
    </ClInclude>
    <ClInclude Include="..\..\..\kernel\items\include\session.h">
      <Filter>items\include</Filter>
    </ClInclude>
    <ClInclude Include="..\..\..\kernel\items\include\track.h">
      <Filter>items\include</Filter>
    </ClInclude>
    <ClInclude Include="..\..\..\kernel\items\include\effect.h">
      <Filter>items\include</Filter>
    </ClInclude>
    <ClInclude Include="..\..\..\kernel\include\client_api.h">
      <Filter>include</Filter>
    </ClInclude>
    <ClInclude Include="..\..\..\kernel\include\rt_output.h">
      <Filter>include</Filter>
    </ClInclude>
  </ItemGroup>
  <ItemGroup>
    <ClCompile Include="..\..\..\kernel\src\kernel.cpp">
      <Filter>src</Filter>
    </ClCompile>
    <ClCompile Include="..\..\..\kernel\src\codec_manager.cpp">
      <Filter>src</Filter>
    </ClCompile>
    <ClCompile Include="..\..\..\kernel\src\codec_api.cpp">
      <Filter>src</Filter>
    </ClCompile>
    <ClCompile Include="..\..\..\kernel\src\render.cpp">
      <Filter>src</Filter>
    </ClCompile>
    <ClCompile Include="..\..\..\kernel\src\codec_file_info.cpp">
      <Filter>src</Filter>
    </ClCompile>
    <ClCompile Include="..\..\..\kernel\api\src\api.cpp">
      <Filter>api\src</Filter>
    </ClCompile>
    <ClCompile Include="..\..\..\kernel\api\src\api_audio.cpp">
      <Filter>api\src</Filter>
    </ClCompile>
    <ClCompile Include="..\..\..\kernel\api\src\api_effect.cpp">
      <Filter>api\src</Filter>
    </ClCompile>
    <ClCompile Include="..\..\..\kernel\api\src\api_fragment.cpp">
      <Filter>api\src</Filter>
    </ClCompile>
    <ClCompile Include="..\..\..\kernel\api\src\api_playback.cpp">
      <Filter>api\src</Filter>
    </ClCompile>
    <ClCompile Include="..\..\..\kernel\api\src\api_session.cpp">
      <Filter>api\src</Filter>
    </ClCompile>
    <ClCompile Include="..\..\..\kernel\api\src\api_track.cpp">
      <Filter>api\src</Filter>
    </ClCompile>
    <ClCompile Include="..\..\..\kernel\api\src\api_render.cpp">
      <Filter>api\src</Filter>
    </ClCompile>
    <ClCompile Include="..\..\..\kernel\src\items_manager.cpp">
      <Filter>src</Filter>
    </ClCompile>
    <ClCompile Include="..\..\..\kernel\api\src\api_codec.cpp">
      <Filter>api\src</Filter>
    </ClCompile>
    <ClCompile Include="..\..\..\kernel\items\src\audio.cpp">
      <Filter>items\src</Filter>
    </ClCompile>
    <ClCompile Include="..\..\..\kernel\items\src\fragment.cpp">
      <Filter>items\src</Filter>
    </ClCompile>
    <ClCompile Include="..\..\..\kernel\items\src\session.cpp">
      <Filter>items\src</Filter>
    </ClCompile>
    <ClCompile Include="..\..\..\kernel\items\src\track.cpp">
      <Filter>items\src</Filter>
    </ClCompile>
    <ClCompile Include="..\..\..\kernel\items\src\effect.cpp">
      <Filter>items\src</Filter>
    </ClCompile>
    <ClCompile Include="..\..\..\kernel\src\rt_output.cpp">
      <Filter>src</Filter>
    </ClCompile>
  </ItemGroup>
  <ItemGroup>
    <None Include="packages.config" />
  </ItemGroup>
</Project>