<?xml version="1.0" encoding="utf-8"?>
<Project ToolsVersion="4.0" xmlns="http://schemas.microsoft.com/developer/msbuild/2003">
  <ItemGroup>
    <Filter Include="src">
      <UniqueIdentifier>{674f7841-aac2-40dd-b6b1-a5aae1da328e}</UniqueIdentifier>
    </Filter>
    <Filter Include="include">
      <UniqueIdentifier>{7e31c31f-ff2d-44eb-81dc-49b2d015217b}</UniqueIdentifier>
    </Filter>
  </ItemGroup>
  <ItemGroup>
    <ClCompile Include="..\..\..\..\codecs\pure_wave\src\pure_wave.cpp">
      <Filter>src</Filter>
    </ClCompile>
  </ItemGroup>
  <ItemGroup>
    <ClInclude Include="..\..\..\..\codecs\pure_wave\include\pure_wave.h">
      <Filter>include</Filter>
    </ClInclude>
  </ItemGroup>
</Project>